{
    "_meta": {
        "hash": {
            "sha256": "5ee24bc3c9becce82799bd8e72b40f3010c56558cbe1831f47487a42adce5129"
        },
        "pipfile-spec": 6,
        "requires": {
            "python_version": "3.6"
        },
        "sources": [
            {
                "url": "https://pypi.python.org/simple",
                "verify_ssl": true
            }
        ]
    },
    "default": {
        "amqp": {
            "hashes": [
                "sha256:24dbaff8ce4f30566bb88976b398e8c4e77637171af3af6f1b9650f48890e60b",
                "sha256:bb68f8d2bced8f93ccfd07d96c689b716b3227720add971be980accfc2952139"
            ],
            "version": "==2.6.0"
        },
        "analytics-python": {
            "hashes": [
                "sha256:69d88b2d3e2c350e6803487a1a802e0fd111e86665d4c9b16c3c6f5fbc6c445f",
                "sha256:f3d1ca27cb277da67c10d71a5c9c593d2a9ec99109e31409ab771b44821a86bf"
            ],
            "version": "==1.2.9"
        },
        "argparse": {
            "hashes": [
                "sha256:62b089a55be1d8949cd2bc7e0df0bddb9e028faefc8c32038cc84862aefdd6e4",
                "sha256:c31647edb69fd3d465a847ea3157d37bed1f95f19760b11a47aa91c04b666314"
            ],
            "version": "==1.4.0"
        },
        "backports.csv": {
            "hashes": [
                "sha256:1277dfff73130b2e106bf3dd347adb3c5f6c4340882289d88f31240da92cbd6d",
                "sha256:21f6e09bab589e6c1f877edbc40277b65e626262a86e69a70137db714eaac5ce"
            ],
            "version": "==1.0.7"
        },
        "beautifulsoup4": {
            "hashes": [
                "sha256:034740f6cb549b4e932ae1ab975581e6103ac8f942200a0e9759065984391858",
                "sha256:945065979fb8529dd2f37dbb58f00b661bdbcbebf954f93b32fdf5263ef35348",
                "sha256:ba6d5c59906a85ac23dadfe5c88deaf3e179ef565f4898671253e50a78680718"
            ],
            "version": "==4.7.1"
        },
        "billiard": {
            "hashes": [
                "sha256:bff575450859a6e0fbc2f9877d9b715b0bbc07c3565bb7ed2280526a0cdf5ede",
                "sha256:d91725ce6425f33a97dfa72fb6bfef0e47d4652acd98a032bd1a7fbf06d5fa6a"
            ],
            "version": "==3.6.3.0"
        },
        "brotli": {
            "hashes": [
                "sha256:0538dc1744fd17c314d2adc409ea7d1b779783b89fd95bcfb0c2acc93a6ea5a7",
                "sha256:0970a47f471782912d7705160b2b0a9306e68e6fadf9cffcaeb42d8f0951e26c",
                "sha256:113f51658e6fe548dce4b3749f6ef6c24de4184ba9c10a909cbee4261c2a5da0",
                "sha256:1e1aa9c4d1558889f42749c8baf846007953bfd32c8209230cf1cd1f5ef33495",
                "sha256:2f2f4f78f29ac4a45d15b3d9fc3fd9705e0ad313a44b129f6e1d0c6916bad0e2",
                "sha256:3269f6de1dd150fd0cce1c158b61ff5ac06d627fd3ae9c6ea03aed26fbbff7ea",
                "sha256:3f4a1f6240916c7984c7f2542786710f622992508dafee0b1714e6d340fb9ffd",
                "sha256:50dd9ad2a2bb12da4e9002a438672d182f98e546e99952de80280a1e1729664f",
                "sha256:5519a4b01b1a4f965083cbfa2ef2b9774c5a5f352341c47b50776ad109423d72",
                "sha256:5eb27722d320370315971c427eb8aa7cc0791f2a458840d357ac653bd0ad3a14",
                "sha256:5f06b4d5b6f58e5b5c220c2f23cad034dc5efa51b01fde2351ced1605bd980e2",
                "sha256:71ceee286ea7ec613f1c36f1c6181864a6ca24ebb55e371276f33d6af8742834",
                "sha256:72848d25a5f9e736db4af4512e0c3feecc094d57d241f8f1ae959115a2c39756",
                "sha256:743001bca75f4a6b4454be3510feca46f9d61a0c782a9bc2bc684bdb245e279e",
                "sha256:7ac98c71a15648fd11bc1f32608b6110e396121280790082e32b9a3109048bc6",
                "sha256:9d1c2dd27a1083fefd05b1b2f8df4a6bc2aaa6c21dd82cd41c8ae5e7c23a87f8",
                "sha256:a13ce9b419fe9f277c63f700efb0e444331509d1881b5610d2ba7e9080606967",
                "sha256:a19ef0952b9d2803df88dff07f45a6c92d5676afb9b8d69cf32232d684036d11",
                "sha256:ad766ca8b8c1419b71a22756b45264f45725c86133dc80a7cbe30b6b78c75620",
                "sha256:ad7963f261988ee0883816b6b9f206f11461c9b3cb5cfbca0c9ab5adc406d395",
                "sha256:af0451e23016631a2f52925a10d738ac4a0f794ac315c30380b22efc0c90cbc6",
                "sha256:c16201060c5a3f8742e3deae759014251ac92f382f82bc2a41dc079ff18c3f24",
                "sha256:c43b202f65891861a9a336984a103de25de235f756de69e32db893156f767013",
                "sha256:c675c6cce4295cb1a692f3de7416aacace7314e064b94bc86e93aceefce7fd3e",
                "sha256:d17cec0b992b1434f5f9df9986563605a4d1b1acd5574c87fc2ac014bcbd3316",
                "sha256:dc91f6129953861a73d9a65c52a8dd682b561a9ebaf65283541645cab6489917",
                "sha256:e2f4cbd1760d2bf2f30e396c2301999aab0191aec031a6a8a04950b2f575a536",
                "sha256:f192e6d3556714105c10486bbd6d045e38a0c04d9da3cef21e0a8dfd8e162df4",
                "sha256:f775b07026af2b1b0b5a8b05e41571cdcf3a315a67df265d60af301656a5425b",
                "sha256:f969ec7f56ba9636679e69ca07fba548312ccaca37412ee823c7f413541ad7e0",
                "sha256:f9dc52cd70907aafb99a773b66b156f2f995c7a0d284397c487c8b71ddbef2f9",
                "sha256:f9ee88bb52352588ceb811d045b5c9bb1dc38927bc150fd156244f60ff3f59f1",
                "sha256:fc7212e36ebeb81aebf7949c92897b622490d7c0e333a479c0395591e7994600"
            ],
            "version": "==1.0.7"
        },
        "celery": {
            "hashes": [
                "sha256:4c4532aa683f170f40bd76f928b70bc06ff171a959e06e71bf35f2f9d6031ef9",
                "sha256:528e56767ae7e43a16cfef24ee1062491f5754368d38fcfffa861cdb9ef219be"
            ],
            "version": "==4.3.0"
        },
        "certifi": {
            "hashes": [
                "sha256:59b7658e26ca9c7339e00f8f4636cdfe59d34fa37b9b04f6f9e9926b3cece1a5",
                "sha256:b26104d6835d1f5e49452a26eb2ff87fe7090b89dfcaee5ea2212697e1e1d7ae"
            ],
            "version": "==2019.3.9"
        },
        "chardet": {
            "hashes": [
                "sha256:84ab92ed1c4d4f16916e05906b6b75a6c0fb5db821cc65e70cbd64a3e2a5eaae",
                "sha256:fc323ffcaeaed0e0a02bf4d117757b98aed530d9ed4531e3e15460124c106691"
            ],
            "version": "==3.0.4"
        },
        "click": {
            "hashes": [
                "sha256:d2b5255c7c6349bc1bd1e59e08cd12acbbd63ce649f2588755783aa94dfb6b1a",
                "sha256:dacca89f4bfadd5de3d7489b7c8a566eee0d3676333fbb50030263894c38c0dc"
            ],
            "version": "==7.1.2"
        },
        "dash": {
            "hashes": [
                "sha256:d1695746938a7593a4cbc1779b5cb00b50e3257e7c3e0313ff76df0aef2ba5fc"
            ],
            "version": "==0.41.0"
        },
        "dash-core-components": {
            "hashes": [
                "sha256:b014fd6c91388689354f3260f015a9a49a0723cd0b137b999bafeed867e6970f"
            ],
            "version": "==0.46.0"
        },
        "dash-html-components": {
            "hashes": [
                "sha256:a9ddb53c43a5de1852e238b790025dfb7a4b5bf1c788331af51348b33ed2c2a5"
            ],
            "version": "==0.15.0"
        },
        "dash-renderer": {
            "hashes": [
                "sha256:175b845a4fa3ad2a6d8cbd52eab27d969fb33ca0390dbc009a5db37611334eb4"
            ],
            "version": "==0.22.0"
        },
        "dash-table": {
            "hashes": [
                "sha256:fc40c2c149523942c2a99fa13a8cdfeffc16ff4ea9d97976c4ff1fd8375a5ef5"
            ],
            "version": "==3.6.0"
        },
        "defusedxml": {
            "hashes": [
                "sha256:6687150770438374ab581bb7a1b327a847dd9c5749e396102de3fad4e8a3ef93",
                "sha256:f684034d135af4c6cbb949b8a4d2ed61634515257a67299e5f940fbaa34377f5"
            ],
            "version": "==0.6.0"
        },
        "diff-match-patch": {
            "hashes": [
                "sha256:a809a996d0f09b9bbd59e9bbd0b71eed8c807922512910e05cbd3f9480712ddb"
            ],
            "version": "==20181111"
        },
        "dj-database-url": {
            "hashes": [
                "sha256:4aeaeb1f573c74835b0686a2b46b85990571159ffc21aa57ecd4d1e1cb334163",
                "sha256:851785365761ebe4994a921b433062309eb882fedd318e1b0fcecc607ed02da9"
            ],
            "version": "==0.5.0"
        },
        "django": {
            "hashes": [
                "sha256:84f370f6acedbe1f3c41e1a02de44ac206efda3355e427139ecb785b5f596d80",
                "sha256:e8fe3c2b2212dce6126becab7a693157f1a441a07b62ec994c046c76af5bb66d"
            ],
            "version": "==2.2.13"
        },
        "django-celery-beat": {
            "hashes": [
                "sha256:3c2c22647455be5503aca7450db64ea53acacee2d0aef3d7ac49aa3ef3845724",
                "sha256:bfc22dad2884524697e1fcdfa63c0555a65151a97902c3045cd2cf7bf63970e4"
            ],
            "version": "==1.4.0"
        },
        "django-celery-results": {
            "hashes": [
                "sha256:80292a68c8b705c788ff0bca9cacc5a431a4de39d7ff49e2ca8277b700d3d616",
                "sha256:89ae9e32076efc65bcba31bc729870da9b230c63af22b673b79170c4a98039b1"
            ],
            "version": "==1.0.4"
        },
        "django-heroku": {
            "hashes": [
                "sha256:2bc690aab89eedbe01311752320a9a12e7548e3b0ed102681acc5736a41a4762",
                "sha256:6af4bc3ae4a9b55eaad6dbe5164918982d2762661aebc9f83d9fa49f6009514e"
            ],
            "version": "==0.3.1"
        },
        "django-import-export": {
            "hashes": [
                "sha256:830824f79aae39e4212bb03aabdd83dc57931420557b757981cf6add8d07e611",
                "sha256:99fae7d963af4ade97af9237a843f250312421fa4ee350a3b735fcc5684c3fb5"
            ],
            "version": "==1.2.0"
        },
        "django-ratelimit": {
            "hashes": [
                "sha256:40dd23dcdda413d2199bb88b4d9151bf66ea19586b2047ada313ddcf77e2959c",
                "sha256:ddb6bd68a7a25fab335a0441671681ce9993167e640a2301a2e0e07ce9dd46fb"
            ],
            "version": "==2.0.0"
        },
        "django-redis-cache": {
            "hashes": [
                "sha256:77dcb9d11beef5ce77dadfb95328b7712c3d9bde8419a0ba92968712b9bff48b"
            ],
            "version": "==2.0.0"
        },
        "django-tastypie": {
            "hashes": [
                "sha256:a3a2413510009649e0eac885ead96891c783ced788fd94231dc2f72b7a1b4c04"
            ],
            "version": "==0.14.2"
        },
        "django-timezone-field": {
            "hashes": [
                "sha256:758b7d41084e9ea2e89e59eb616e9b6326e6fbbf9d14b6ef062d624fe8cc6246",
                "sha256:7e3620fe2211c2d372fad54db8f86ff884098d018d56fda4dca5e64929e05ffc"
            ],
            "version": "==4.0"
        },
        "et-xmlfile": {
            "hashes": [
                "sha256:614d9722d572f6246302c4491846d2c393c199cfa4edc9af593437691683335b"
            ],
            "version": "==1.0.1"
        },
        "flask": {
            "hashes": [
                "sha256:4efa1ae2d7c9865af48986de8aeb8504bf32c7f3d6fdc9353d34b21f4b127060",
                "sha256:8a4fdd8936eba2512e9c85df320a37e694c93945b33ef33c89946a340a238557"
            ],
            "version": "==1.1.2"
        },
        "flask-compress": {
            "hashes": [
                "sha256:f367b2b46003dd62be34f7fb1379938032656dca56377a9bc90e7188e4289a7c"
            ],
            "version": "==1.5.0"
        },
        "gevent": {
            "hashes": [
                "sha256:0774babec518a24d9a7231d4e689931f31b332c4517a771e532002614e270a64",
                "sha256:0e1e5b73a445fe82d40907322e1e0eec6a6745ca3cea19291c6f9f50117bb7ea",
                "sha256:0ff2b70e8e338cf13bedf146b8c29d475e2a544b5d1fe14045aee827c073842c",
                "sha256:107f4232db2172f7e8429ed7779c10f2ed16616d75ffbe77e0e0c3fcdeb51a51",
                "sha256:14b4d06d19d39a440e72253f77067d27209c67e7611e352f79fe69e0f618f76e",
                "sha256:1b7d3a285978b27b469c0ff5fb5a72bcd69f4306dbbf22d7997d83209a8ba917",
                "sha256:1eb7fa3b9bd9174dfe9c3b59b7a09b768ecd496debfc4976a9530a3e15c990d1",
                "sha256:2711e69788ddb34c059a30186e05c55a6b611cb9e34ac343e69cf3264d42fe1c",
                "sha256:28a0c5417b464562ab9842dd1fb0cc1524e60494641d973206ec24d6ec5f6909",
                "sha256:3249011d13d0c63bea72d91cec23a9cf18c25f91d1f115121e5c9113d753fa12",
                "sha256:44089ed06a962a3a70e96353c981d628b2d4a2f2a75ea5d90f916a62d22af2e8",
                "sha256:4bfa291e3c931ff3c99a349d8857605dca029de61d74c6bb82bd46373959c942",
                "sha256:50024a1ee2cf04645535c5ebaeaa0a60c5ef32e262da981f4be0546b26791950",
                "sha256:53b72385857e04e7faca13c613c07cab411480822ac658d97fd8a4ddbaf715c8",
                "sha256:74b7528f901f39c39cdbb50cdf08f1a2351725d9aebaef212a29abfbb06895ee",
                "sha256:7d0809e2991c9784eceeadef01c27ee6a33ca09ebba6154317a257353e3af922",
                "sha256:896b2b80931d6b13b5d9feba3d4eebc67d5e6ec54f0cf3339d08487d55d93b0e",
                "sha256:8d9ec51cc06580f8c21b41fd3f2b3465197ba5b23c00eb7d422b7ae0380510b0",
                "sha256:9f7a1e96fec45f70ad364e46de32ccacab4d80de238bd3c2edd036867ccd48ad",
                "sha256:ab4dc33ef0e26dc627559786a4fba0c2227f125db85d970abbf85b77506b3f51",
                "sha256:d1e6d1f156e999edab069d79d890859806b555ce4e4da5b6418616322f0a3df1",
                "sha256:d752bcf1b98174780e2317ada12013d612f05116456133a6acf3e17d43b71f05",
                "sha256:e5bcc4270671936349249d26140c267397b7b4b1381f5ec8b13c53c5b53ab6e1"
            ],
            "version": "==1.4.0"
        },
        "greenlet": {
            "hashes": [
                "sha256:1000038ba0ea9032948e2156a9c15f5686f36945e8f9906e6b8db49f358e7b52",
                "sha256:133ba06bad4e5f2f8bf6a0ac434e0fd686df749a86b3478903b92ec3a9c0c90b",
                "sha256:1429dc183b36ec972055e13250d96e174491559433eb3061691b446899b87384",
                "sha256:1b805231bfb7b2900a16638c3c8b45c694334c811f84463e52451e00c9412691",
                "sha256:3a35e33902b2e6079949feed7a2dafa5ac6f019da97bd255842bb22de3c11bf5",
                "sha256:5ea034d040e6ab1d2ae04ab05a3f37dbd719c4dee3804b13903d4cc794b1336e",
                "sha256:682328aa576ec393c1872615bcb877cf32d800d4a2f150e1a5dc7e56644010b1",
                "sha256:6e06eac722676797e8fce4adb8ad3dc57a1bb3adfb0dd3fdf8306c055a38456c",
                "sha256:7eed31f4efc8356e200568ba05ad645525f1fbd8674f1e5be61a493e715e3873",
                "sha256:80cb0380838bf4e48da6adedb0c7cd060c187bb4a75f67a5aa9ec33689b84872",
                "sha256:b0b2a984bbfc543d144d88caad6cc7ff4a71be77102014bd617bd88cfb038727",
                "sha256:c196a5394c56352e21cb7224739c6dd0075b69dd56f758505951d1d8d68cf8a9",
                "sha256:d83c1d38658b0f81c282b41238092ed89d8f93c6e342224ab73fb39e16848721",
                "sha256:df7de669cbf21de4b04a3ffc9920bc8426cab4c61365fa84d79bf97401a8bef7",
                "sha256:e5db19d4a7d41bbeb3dd89b49fc1bc7e6e515b51bbf32589c618655a0ebe0bf0",
                "sha256:e695ac8c3efe124d998230b219eb51afb6ef10524a50b3c45109c4b77a8a3a92",
                "sha256:eac2a3f659d5f41d6bbfb6a97733bc7800ea5e906dc873732e00cebb98cec9e4"
            ],
            "markers": "platform_python_implementation == 'CPython'",
            "version": "==0.4.16"
        },
        "gspread": {
            "hashes": [
                "sha256:dd945e3ae5d3d0325ad9982e0d5667f79ca121d0bb6f35274dc84371bbb79dd5",
                "sha256:f7ce6c06250f694976c3cd4944e3b607b0810b93383839e5b67c7199ce2f0d3d"
            ],
            "version": "==3.1.0"
        },
        "gunicorn": {
            "hashes": [
                "sha256:aa8e0b40b4157b36a5df5e599f45c9c76d6af43845ba3b3b0efe2c70473c2471",
                "sha256:fa2662097c66f920f53f70621c6c58ca4a3c4d3434205e608e121b5b3b71f4f3"
            ],
            "version": "==19.9.0"
        },
        "idna": {
            "hashes": [
                "sha256:c357b3f628cf53ae2c4c05627ecc484553142ca23264e593d327bcde5e9c3407",
                "sha256:ea8b7f6188e6fa117537c3df7da9fc686d485087abf6ac197f9c46432f7e4a3c"
            ],
            "version": "==2.8"
        },
        "importlib-metadata": {
            "hashes": [
                "sha256:90bb658cdbbf6d1735b6341ce708fc7024a3e14e99ffdc5783edea9f9b077f83",
                "sha256:dc15b2969b4ce36305c51eebe62d418ac7791e9a157911d58bfb1f9ccd8e2070"
            ],
            "markers": "python_version < '3.8'",
            "version": "==1.7.0"
        },
        "itsdangerous": {
            "hashes": [
                "sha256:321b033d07f2a4136d3ec762eac9f16a10ccd60f53c0c91af90217ace7ba1f19",
                "sha256:b12271b2047cb23eeb98c8b5622e2e5c5e9abd9784a153e9d8ef9cb4dd09d749"
            ],
            "version": "==1.1.0"
        },
        "jdcal": {
            "hashes": [
                "sha256:1abf1305fce18b4e8aa248cf8fe0c56ce2032392bc64bbd61b5dff2a19ec8bba",
                "sha256:472872e096eb8df219c23f2689fc336668bdb43d194094b5cc1707e1640acfc8"
            ],
            "version": "==1.4.1"
        },
        "jinja2": {
            "hashes": [
                "sha256:89aab215427ef59c34ad58735269eb58b1a5808103067f7bb9d5836c651b3bb0",
                "sha256:f0a4641d3cf955324a89c04f3d94663aa4d638abe8f733ecd3582848e1c37035"
            ],
            "version": "==2.11.2"
        },
        "kombu": {
            "hashes": [
                "sha256:be48cdffb54a2194d93ad6533d73f69408486483d189fe9f5990ee24255b0e0a",
                "sha256:ca1b45faac8c0b18493d02a8571792f3c40291cf2bcf1f55afed3d8f3aa7ba74"
            ],
            "version": "==4.6.11"
        },
        "lxml": {
            "hashes": [
                "sha256:03984196d00670b2ab14ae0ea83d5cc0cfa4f5a42558afa9ab5fa745995328f5",
                "sha256:0815b0c9f897468de6a386dc15917a0becf48cc92425613aa8bbfc7f0f82951f",
                "sha256:175f3825f075cf02d15099eb52658457cf0ff103dcf11512b5d2583e1d40f58b",
                "sha256:30e14c62d88d1e01a26936ecd1c6e784d4afc9aa002bba4321c5897937112616",
                "sha256:3210da6f36cf4b835ff1be853962b22cc354d506f493b67a4303c88bbb40d57b",
                "sha256:40f60819fbd5bad6e191ba1329bfafa09ab7f3f174b3d034d413ef5266963294",
                "sha256:43b26a865a61549919f8a42e094dfdb62847113cf776d84bd6b60e4e3fc20ea3",
                "sha256:4a03dd682f8e35a10234904e0b9508d705ff98cf962c5851ed052e9340df3d90",
                "sha256:62f382cddf3d2e52cf266e161aa522d54fd624b8cc567bc18f573d9d50d40e8e",
                "sha256:7b98f0325be8450da70aa4a796c4f06852949fe031878b4aa1d6c417a412f314",
                "sha256:846a0739e595871041385d86d12af4b6999f921359b38affb99cdd6b54219a8f",
                "sha256:a3080470559938a09a5d0ec558c005282e99ac77bf8211fb7b9a5c66390acd8d",
                "sha256:ad841b78a476623955da270ab8d207c3c694aa5eba71f4792f65926dc46c6ee8",
                "sha256:afdd75d9735e44c639ffd6258ce04a2de3b208f148072c02478162d0944d9da3",
                "sha256:b4fbf9b552faff54742bcd0791ab1da5863363fb19047e68f6592be1ac2dab33",
                "sha256:b90c4e32d6ec089d3fa3518436bdf5ce4d902a0787dbd9bb09f37afe8b994317",
                "sha256:b91cfe4438c741aeff662d413fd2808ac901cc6229c838236840d11de4586d63",
                "sha256:bdb0593a42070b0a5f138b79b872289ee73c8e25b3f0bea6564e795b55b6bcdd",
                "sha256:c4e4bca2bb68ce22320297dfa1a7bf070a5b20bcbaec4ee023f83d2f6e76496f",
                "sha256:cec4ab14af9eae8501be3266ff50c3c2aecc017ba1e86c160209bb4f0423df6a",
                "sha256:e83b4b2bf029f5104bc1227dbb7bf5ace6fd8fabaebffcd4f8106fafc69fc45f",
                "sha256:e995b3734a46d41ae60b6097f7c51ba9958648c6d1e0935b7e0ee446ee4abe22",
                "sha256:f679d93dec7f7210575c85379a31322df4c46496f184ef650d3aba1484b38a2d",
                "sha256:fd213bb5166e46974f113c8228daaef1732abc47cb561ce9c4c8eaed4bd3b09b",
                "sha256:fdcb57b906dbc1f80666e6290e794ab8fb959a2e17aa5aee1758a85d1da4533f",
                "sha256:ff424b01d090ffe1947ec7432b07f536912e0300458f9a7f48ea217dd8362b86"
            ],
            "version": "==4.3.3"
        },
        "markupsafe": {
            "hashes": [
                "sha256:00bc623926325b26bb9605ae9eae8a215691f33cae5df11ca5424f06f2d1f473",
                "sha256:09027a7803a62ca78792ad89403b1b7a73a01c8cb65909cd876f7fcebd79b161",
                "sha256:09c4b7f37d6c648cb13f9230d847adf22f8171b1ccc4d5682398e77f40309235",
                "sha256:1027c282dad077d0bae18be6794e6b6b8c91d58ed8a8d89a89d59693b9131db5",
                "sha256:13d3144e1e340870b25e7b10b98d779608c02016d5184cfb9927a9f10c689f42",
                "sha256:24982cc2533820871eba85ba648cd53d8623687ff11cbb805be4ff7b4c971aff",
                "sha256:29872e92839765e546828bb7754a68c418d927cd064fd4708fab9fe9c8bb116b",
                "sha256:43a55c2930bbc139570ac2452adf3d70cdbb3cfe5912c71cdce1c2c6bbd9c5d1",
                "sha256:46c99d2de99945ec5cb54f23c8cd5689f6d7177305ebff350a58ce5f8de1669e",
                "sha256:500d4957e52ddc3351cabf489e79c91c17f6e0899158447047588650b5e69183",
                "sha256:535f6fc4d397c1563d08b88e485c3496cf5784e927af890fb3c3aac7f933ec66",
                "sha256:596510de112c685489095da617b5bcbbac7dd6384aeebeda4df6025d0256a81b",
                "sha256:62fe6c95e3ec8a7fad637b7f3d372c15ec1caa01ab47926cfdf7a75b40e0eac1",
                "sha256:6788b695d50a51edb699cb55e35487e430fa21f1ed838122d722e0ff0ac5ba15",
                "sha256:6dd73240d2af64df90aa7c4e7481e23825ea70af4b4922f8ede5b9e35f78a3b1",
                "sha256:717ba8fe3ae9cc0006d7c451f0bb265ee07739daf76355d06366154ee68d221e",
                "sha256:79855e1c5b8da654cf486b830bd42c06e8780cea587384cf6545b7d9ac013a0b",
                "sha256:7c1699dfe0cf8ff607dbdcc1e9b9af1755371f92a68f706051cc8c37d447c905",
                "sha256:88e5fcfb52ee7b911e8bb6d6aa2fd21fbecc674eadd44118a9cc3863f938e735",
                "sha256:8defac2f2ccd6805ebf65f5eeb132adcf2ab57aa11fdf4c0dd5169a004710e7d",
                "sha256:98c7086708b163d425c67c7a91bad6e466bb99d797aa64f965e9d25c12111a5e",
                "sha256:9add70b36c5666a2ed02b43b335fe19002ee5235efd4b8a89bfcf9005bebac0d",
                "sha256:9bf40443012702a1d2070043cb6291650a0841ece432556f784f004937f0f32c",
                "sha256:ade5e387d2ad0d7ebf59146cc00c8044acbd863725f887353a10df825fc8ae21",
                "sha256:b00c1de48212e4cc9603895652c5c410df699856a2853135b3967591e4beebc2",
                "sha256:b1282f8c00509d99fef04d8ba936b156d419be841854fe901d8ae224c59f0be5",
                "sha256:b2051432115498d3562c084a49bba65d97cf251f5a331c64a12ee7e04dacc51b",
                "sha256:ba59edeaa2fc6114428f1637ffff42da1e311e29382d81b339c1817d37ec93c6",
                "sha256:c8716a48d94b06bb3b2524c2b77e055fb313aeb4ea620c8dd03a105574ba704f",
                "sha256:cd5df75523866410809ca100dc9681e301e3c27567cf498077e8551b6d20e42f",
                "sha256:cdb132fc825c38e1aeec2c8aa9338310d29d337bebbd7baa06889d09a60a1fa2",
                "sha256:e249096428b3ae81b08327a63a485ad0878de3fb939049038579ac0ef61e17e7",
                "sha256:e8313f01ba26fbbe36c7be1966a7b7424942f670f38e666995b88d012765b9be"
            ],
            "version": "==1.1.1"
        },
        "newrelic": {
            "hashes": [
                "sha256:23aead34b5ea4d0492d65069d3ab41eb1c276b3b237d0d0c2c213fbb4e1b32b6"
            ],
            "version": "==4.16.1.117"
        },
        "numpy": {
            "hashes": [
                "sha256:13af0184177469192d80db9bd02619f6fa8b922f9f327e077d6f2a6acb1ce1c0",
                "sha256:26a45798ca2a4e168d00de75d4a524abf5907949231512f372b217ede3429e98",
                "sha256:26f509450db547e4dfa3ec739419b31edad646d21fb8d0ed0734188b35ff6b27",
                "sha256:30a59fb41bb6b8c465ab50d60a1b298d1cd7b85274e71f38af5a75d6c475d2d2",
                "sha256:33c623ef9ca5e19e05991f127c1be5aeb1ab5cdf30cb1c5cf3960752e58b599b",
                "sha256:356f96c9fbec59974a592452ab6a036cd6f180822a60b529a975c9467fcd5f23",
                "sha256:3c40c827d36c6d1c3cf413694d7dc843d50997ebffbc7c87d888a203ed6403a7",
                "sha256:4d054f013a1983551254e2379385e359884e5af105e3efe00418977d02f634a7",
                "sha256:63d971bb211ad3ca37b2adecdd5365f40f3b741a455beecba70fd0dde8b2a4cb",
                "sha256:658624a11f6e1c252b2cd170d94bf28c8f9410acab9f2fd4369e11e1cd4e1aaf",
                "sha256:76766cc80d6128750075378d3bb7812cf146415bd29b588616f72c943c00d598",
                "sha256:7b57f26e5e6ee2f14f960db46bd58ffdca25ca06dd997729b1b179fddd35f5a3",
                "sha256:7b852817800eb02e109ae4a9cef2beda8dd50d98b76b6cfb7b5c0099d27b52d4",
                "sha256:8cde829f14bd38f6da7b2954be0f2837043e8b8d7a9110ec5e318ae6bf706610",
                "sha256:a2e3a39f43f0ce95204beb8fe0831199542ccab1e0c6e486a0b4947256215632",
                "sha256:a86c962e211f37edd61d6e11bb4df7eddc4a519a38a856e20a6498c319efa6b0",
                "sha256:a8705c5073fe3fcc297fb8e0b31aa794e05af6a329e81b7ca4ffecab7f2b95ef",
                "sha256:b6aaeadf1e4866ca0fdf7bb4eed25e521ae21a7947c59f78154b24fc7abbe1dd",
                "sha256:be62aeff8f2f054eff7725f502f6228298891fd648dc2630e03e44bf63e8cee0",
                "sha256:c2edbb783c841e36ca0fa159f0ae97a88ce8137fb3a6cd82eae77349ba4b607b",
                "sha256:cbe326f6d364375a8e5a8ccb7e9cd73f4b2f6dc3b2ed205633a0db8243e2a96a",
                "sha256:d34fbb98ad0d6b563b95de852a284074514331e6b9da0a9fc894fb1cdae7a79e",
                "sha256:d97a86937cf9970453c3b62abb55a6475f173347b4cde7f8dcdb48c8e1b9952d",
                "sha256:dd53d7c4a69e766e4900f29db5872f5824a06827d594427cf1a4aa542818b796",
                "sha256:df1889701e2dfd8ba4dc9b1a010f0a60950077fb5242bb92c8b5c7f1a6f2668a",
                "sha256:fa1fe75b4a9e18b66ae7f0b122543c42debcf800aaafa0212aaff3ad273c2596"
            ],
            "version": "==1.19.0"
        },
        "oauthlib": {
            "hashes": [
                "sha256:bee41cc35fcca6e988463cacc3bcb8a96224f470ca547e697b604cc697b2f889",
                "sha256:df884cd6cbe20e32633f1db1072e9356f53638e4361bef4e8b03c9127c9328ea"
            ],
            "version": "==3.1.0"
        },
        "odfpy": {
            "hashes": [
                "sha256:db766a6e59c5103212f3cc92ec8dd50a0f3a02790233ed0b52148b70d3c438ec"
            ],
            "version": "==1.4.1"
        },
        "openpyxl": {
            "hashes": [
                "sha256:1d2af392cef8c8227bd2ac3ebe3a28b25aba74fd4fa473ce106065f0b73bfe2e"
            ],
            "version": "==2.6.2"
        },
        "pandas": {
            "hashes": [
                "sha256:071e42b89b57baa17031af8c6b6bbd2e9a5c68c595bc6bf9adabd7a9ed125d3b",
                "sha256:17450e25ae69e2e6b303817bdf26b2cd57f69595d8550a77c308be0cd0fd58fa",
                "sha256:17916d818592c9ec891cbef2e90f98cc85e0f1e89ed0924c9b5220dc3209c846",
                "sha256:2538f099ab0e9f9c9d09bbcd94b47fd889bad06dc7ae96b1ed583f1dc1a7a822",
                "sha256:366f30710172cb45a6b4f43b66c220653b1ea50303fbbd94e50571637ffb9167",
                "sha256:42e5ad741a0d09232efbc7fc648226ed93306551772fc8aecc6dce9f0e676794",
                "sha256:4e718e7f395ba5bfe8b6f6aaf2ff1c65a09bb77a36af6394621434e7cc813204",
                "sha256:4f919f409c433577a501e023943e582c57355d50a724c589e78bc1d551a535a2",
                "sha256:4fe0d7e6438212e839fc5010c78b822664f1a824c0d263fd858f44131d9166e2",
                "sha256:5149a6db3e74f23dc3f5a216c2c9ae2e12920aa2d4a5b77e44e5b804a5f93248",
                "sha256:627594338d6dd995cfc0bacd8e654cd9e1252d2a7c959449228df6740d737eb8",
                "sha256:83c702615052f2a0a7fb1dd289726e29ec87a27272d775cb77affe749cca28f8",
                "sha256:8c872f7fdf3018b7891e1e3e86c55b190e6c5cee70cab771e8f246c855001296",
                "sha256:90f116086063934afd51e61a802a943826d2aac572b2f7d55caaac51c13db5b5",
                "sha256:a3352bacac12e1fc646213b998bce586f965c9d431773d9e91db27c7c48a1f7d",
                "sha256:bcdd06007cca02d51350f96debe51331dec429ac8f93930a43eb8fb5639e3eb5",
                "sha256:c1bd07ebc15285535f61ddd8c0c75d0d6293e80e1ee6d9a8d73f3f36954342d0",
                "sha256:c9a4b7c55115eb278c19aa14b34fcf5920c8fe7797a09b7b053ddd6195ea89b3",
                "sha256:cc8fc0c7a8d5951dc738f1c1447f71c43734244453616f32b8aa0ef6013a5dfb",
                "sha256:d7b460bc316064540ce0c41c1438c416a40746fd8a4fb2999668bf18f3c4acf1"
            ],
            "version": "==0.24.2"
        },
        "plotly": {
            "hashes": [
                "sha256:ce55e1a9669ea7455574ddbfe2fb52636eb63a6c29387ee0c0a929ed2325f916",
                "sha256:fe34a751dd4558b8483de86f0edf480f352fca0e6948799e23848a2355427a97"
            ],
            "version": "==4.8.2"
        },
        "pprint": {
            "hashes": [
                "sha256:c0fa22d1462351671ca098e9779bb26a23880011e93eea5f199a150ee7b92a16"
            ],
            "version": "==0.1"
        },
        "praw": {
            "hashes": [
                "sha256:1b2ed1620293e8ff0e965161c3bbab891d43d5f51bf304c52fcd6cf20a6c5ecb",
                "sha256:6a8f4991cca5d4ac0323d77959be904821ef8dd1bac40d8bd90853d804a9887e"
            ],
            "version": "==6.1.1"
        },
        "prawcore": {
            "hashes": [
                "sha256:4c372183f1926efe8914476864705fa84234a9ca158f32046962788d6129a518",
                "sha256:cf71388d869becbcbdfd90258b19d2173c197a457f2dd0bef0566b6cfb9b95a1"
            ],
            "version": "==1.4.0"
        },
        "psutil": {
            "hashes": [
                "sha256:1413f4158eb50e110777c4f15d7c759521703bd6beb58926f1d562da40180058",
                "sha256:298af2f14b635c3c7118fd9183843f4e73e681bb6f01e12284d4d70d48a60953",
                "sha256:60b86f327c198561f101a92be1995f9ae0399736b6eced8f24af41ec64fb88d4",
                "sha256:685ec16ca14d079455892f25bd124df26ff9137664af445563c1bd36629b5e0e",
                "sha256:73f35ab66c6c7a9ce82ba44b1e9b1050be2a80cd4dcc3352cc108656b115c74f",
                "sha256:75e22717d4dbc7ca529ec5063000b2b294fc9a367f9c9ede1f65846c7955fd38",
                "sha256:a02f4ac50d4a23253b68233b07e7cdb567bd025b982d5cf0ee78296990c22d9e",
                "sha256:d008ddc00c6906ec80040d26dc2d3e3962109e40ad07fd8a12d0284ce5e0e4f8",
                "sha256:d84029b190c8a66a946e28b4d3934d2ca1528ec94764b180f7d6ea57b0e75e26",
                "sha256:e2d0c5b07c6fe5a87fa27b7855017edb0d52ee73b71e6ee368fae268605cc3f5",
                "sha256:f344ca230dd8e8d5eee16827596f1c22ec0876127c28e800d7ae20ed44c4b310"
            ],
            "version": "==5.7.0"
        },
        "psycopg2": {
            "hashes": [
                "sha256:00cfecb3f3db6eb76dcc763e71777da56d12b6d61db6a2c6ccbbb0bff5421f8f",
                "sha256:076501fc24ae13b2609ba2303d88d4db79072562f0b8cc87ec1667dedff99dc1",
                "sha256:4e2b34e4c0ddfeddf770d7df93e269700b080a4d2ec514fec668d71895f56782",
                "sha256:5cacf21b6f813c239f100ef78a4132056f93a5940219ec25d2ef833cbeb05588",
                "sha256:61f58e9ecb9e4dc7e30be56b562f8fc10ae3addcfcef51b588eed10a5a66100d",
                "sha256:8954ff6e47247bdd134db602fcadfc21662835bd92ce0760f3842eacfeb6e0f3",
                "sha256:b6e8c854cdc623028e558a409b06ea2f16d13438335941c7765d0a42b5bedd33",
                "sha256:baca21c0f7344576346e260454d0007313ccca8c170684707a63946b27a56c8f",
                "sha256:bb1735378770fb95dbe392d29e71405d45c8bdcfa064f916504833a92ab03c55",
                "sha256:de3d3c46c1ee18f996db42d1eb44cf1565cc9e38fb1dbd9b773ff6b3fa8035d7",
                "sha256:dee885602bb200bdcb1d30f6da6c7bb207360bc786d0a364fe1540dd14af0bab"
            ],
            "version": "==2.8.2"
        },
        "psycopg2-binary": {
            "hashes": [
                "sha256:007ca0df127b1862fc010125bc4100b7a630efc6841047bd11afceadb4754611",
                "sha256:03c49e02adf0b4d68f422fdbd98f7a7c547beb27e99a75ed02298f85cb48406a",
                "sha256:0a1232cdd314e08848825edda06600455ad2a7adaa463ebfb12ece2d09f3370e",
                "sha256:131c80d0958c89273d9720b9adf9df1d7600bb3120e16019a7389ab15b079af5",
                "sha256:2de34cc3b775724623f86617d2601308083176a495f5b2efc2bbb0da154f483a",
                "sha256:2eddc31500f73544a2a54123d4c4b249c3c711d31e64deddb0890982ea37397a",
                "sha256:484f6c62bdc166ee0e5be3aa831120423bf399786d1f3b0304526c86180fbc0b",
                "sha256:4c2d9369ed40b4a44a8ccd6bc3a7db6272b8314812d2d1091f95c4c836d92e06",
                "sha256:70f570b5fa44413b9f30dbc053d17ef3ce6a4100147a10822f8662e58d473656",
                "sha256:7a2b5b095f3bd733aab101c89c0e1a3f0dfb4ebdc26f6374805c086ffe29d5b2",
                "sha256:804914a669186e2843c1f7fbe12b55aad1b36d40a28274abe6027deffad9433d",
                "sha256:8520c03172da18345d012949a53617a963e0191ccb3c666f23276d5326af27b5",
                "sha256:90da901fc33ea393fc644607e4a3916b509387e9339ec6ebc7bfded45b7a0ae9",
                "sha256:a582416ad123291a82c300d1d872bdc4136d69ad0b41d57dc5ca3df7ef8e3088",
                "sha256:ac8c5e20309f4989c296d62cac20ee456b69c41fd1bc03829e27de23b6fa9dd0",
                "sha256:b2cf82f55a619879f8557fdaae5cec7a294fac815e0087c4f67026fdf5259844",
                "sha256:b59d6f8cfca2983d8fdbe457bf95d2192f7b7efdb2b483bf5fa4e8981b04e8b2",
                "sha256:be08168197021d669b9964bd87628fa88f910b1be31e7010901070f2540c05fd",
                "sha256:be0f952f1c365061041bad16e27e224e29615d4eb1fb5b7e7760a1d3d12b90b6",
                "sha256:c1c9a33e46d7c12b9c96cf2d4349d783e3127163fd96254dcd44663cf0a1d438",
                "sha256:d18c89957ac57dd2a2724ecfe9a759912d776f96ecabba23acb9ecbf5c731035",
                "sha256:d7e7b0ff21f39433c50397e60bf0995d078802c591ca3b8d99857ea18a7496ee",
                "sha256:da0929b2bf0d1f365345e5eb940d8713c1d516312e010135b14402e2a3d2404d",
                "sha256:de24a4962e361c512d3e528ded6c7480eab24c655b8ca1f0b761d3b3650d2f07",
                "sha256:e45f93ff3f7dae2202248cf413a87aeb330821bf76998b3cf374eda2fc893dd7",
                "sha256:f046aeae1f7a845041b8661bb7a52449202b6c5d3fb59eb4724e7ca088811904",
                "sha256:f1dc2b7b2748084b890f5d05b65a47cd03188824890e9a60818721fd492249fb",
                "sha256:fcbe7cf3a786572b73d2cd5f34ed452a5f5fac47c9c9d1e0642c457a148f9f88"
            ],
            "version": "==2.8.2"
        },
        "pyjwt": {
            "hashes": [
                "sha256:5c6eca3c2940464d106b99ba83b00c6add741c9becaec087fb7ccdefea71350e",
                "sha256:8d59a976fb773f3e6a39c85636357c4f0e242707394cadadd9814f5cbaa20e96"
            ],
            "version": "==1.7.1"
        },
        "pysocks": {
            "hashes": [
                "sha256:08e69f092cc6dbe92a0fdd16eeb9b9ffbc13cadfe5ca4c7bd92ffb078b293299",
                "sha256:2725bd0a9925919b9b51739eea5f9e2bae91e83288108a9ad338b2e3a4435ee5",
                "sha256:3f8804571ebe159c380ac6de37643bb4685970655d3bba243530d6558b799aa0"
            ],
            "markers": "python_version >= '3.0'",
            "version": "==1.7.1"
        },
        "python-crontab": {
            "hashes": [
                "sha256:4bbe7e720753a132ca4ca9d4094915f40e9d9dc8a807a4564007651018ce8c31"
            ],
            "version": "==2.5.1"
        },
        "python-dateutil": {
            "hashes": [
                "sha256:7e6584c74aeed623791615e26efd690f29817a27c73085b78e4bad02493df2fb",
                "sha256:c89805f6f4d64db21ed966fda138f8a5ed7a4fdbc1a8ee329ce1b74e3c74da9e"
            ],
            "version": "==2.8.0"
        },
        "python-mimeparse": {
            "hashes": [
                "sha256:76e4b03d700a641fd7761d3cd4fdbbdcd787eade1ebfac43f877016328334f78",
                "sha256:a295f03ff20341491bfe4717a39cd0a8cc9afad619ba44b77e86b0ab8a2b8282"
            ],
            "version": "==1.6.0"
        },
        "pytz": {
            "hashes": [
                "sha256:303879e36b721603cc54604edcac9d20401bdbe31e1e4fdee5b9f98d5d31dfda",
                "sha256:d747dd3d23d77ef44c6a3526e274af6efeb0a6f1afd5a69ba4d5be4098c8e141"
            ],
            "version": "==2019.1"
        },
        "pyyaml": {
            "hashes": [
                "sha256:1adecc22f88d38052fb787d959f003811ca858b799590a5eaa70e63dca50308c",
                "sha256:436bc774ecf7c103814098159fbb84c2715d25980175292c648f2da143909f95",
                "sha256:460a5a4248763f6f37ea225d19d5c205677d8d525f6a83357ca622ed541830c2",
                "sha256:5a22a9c84653debfbf198d02fe592c176ea548cccce47553f35f466e15cf2fd4",
                "sha256:7a5d3f26b89d688db27822343dfa25c599627bc92093e788956372285c6298ad",
                "sha256:9372b04a02080752d9e6f990179a4ab840227c6e2ce15b95e1278456664cf2ba",
                "sha256:a5dcbebee834eaddf3fa7366316b880ff4062e4bcc9787b78c7fbb4a26ff2dd1",
                "sha256:aee5bab92a176e7cd034e57f46e9df9a9862a71f8f37cad167c6fc74c65f5b4e",
                "sha256:c51f642898c0bacd335fc119da60baae0824f2cde95b0330b56c0553439f0673",
                "sha256:c68ea4d3ba1705da1e0d85da6684ac657912679a649e8868bd850d2c299cce13",
                "sha256:e23d0cc5299223dcc37885dae624f382297717e459ea24053709675a976a3e19"
            ],
            "version": "==5.1"
        },
        "redis": {
            "hashes": [
                "sha256:6946b5dca72e86103edc8033019cc3814c031232d339d5f4533b02ea85685175",
                "sha256:8ca418d2ddca1b1a850afa1680a7d2fd1f3322739271de4b704e0d4668449273"
            ],
            "version": "==3.2.1"
        },
        "requests": {
            "hashes": [
                "sha256:502a824f31acdacb3a35b6690b5fbf0bc41d63a24a45c4004352b0242707598e",
                "sha256:7bf2a778576d825600030a110f3c0e3e8edc51dfaafe1c146e39a2027784957b"
            ],
            "version": "==2.21.0"
        },
        "requests-file": {
            "hashes": [
                "sha256:07d74208d3389d01c38ab89ef403af0cfec63957d53a0081d8eca738d0247d8e",
                "sha256:dfe5dae75c12481f68ba353183c53a65e6044c923e64c24b2209f6c7570ca953"
            ],
            "version": "==1.5.1"
        },
        "requests-oauthlib": {
            "hashes": [
                "sha256:7f71572defaecd16372f9006f33c2ec8c077c3cfa6f5911a9a90202beb513f3d",
                "sha256:b4261601a71fd721a8bd6d7aa1cc1d6a8a93b4a9f5e96626f8e4d91e8beeaa6a"
            ],
            "version": "==1.3.0"
        },
        "retrying": {
            "hashes": [
                "sha256:08c039560a6da2fe4f2c426d0766e284d3b736e355f8dd24b37367b0bb41973b"
            ],
            "version": "==1.3.3"
        },
        "rollbar": {
            "hashes": [
                "sha256:ee2dd1a2b512f93e9c0f26c8cf6bb28c4f06ae7e0c33a60e39b49337e0d92d57"
            ],
            "version": "==0.14.7"
        },
        "scout-apm": {
            "hashes": [
                "sha256:142316d291b804ec6adbba4d1e69598761dea496f86712b026b979c523620cc7",
                "sha256:24110c1b77cb32aaf69fe077e7691a87627f47c5efd673f65b651ee05a985230",
                "sha256:4410b9d53a2355a28498661d2193bb3ce8b2bafcca8f085959d8a44d67bfb2bb",
                "sha256:5c2d514390f24d03a0e3f08bb6f1d6a87b02497143a0aa77b5435e993224cdc6",
                "sha256:6ef3d95a8f8b45ecd5b47ae8fc8e27759b4625f3b648d48e7e25398f361490e3",
                "sha256:80d1a3089ffe4306e7428fef6f7b4726e1ea9d12c7a4766303bc3743f7fdda50",
                "sha256:c074f69b012b506209c3569d86a88b8aac25ed2fecee61aa689d6716db17555e",
                "sha256:cae3530408c81d0c22ab4c29b05ec76bac1a9921b69a33cb344b8ed0a048be16",
                "sha256:d083ff1181e4cb54f390bdc67a74c43fa3edd18a35dd91cffe5778f53dbb9817",
                "sha256:db42f173d2717602d684819bc32d92c36d3a426c7d4c4fb3caf5da4b5240efb7"
            ],
            "version": "==2.0.3"
        },
        "six": {
            "hashes": [
                "sha256:30639c035cdb23534cd4aa2dd52c3bf48f06e5f4a941509c8bafd8ce11080259",
                "sha256:8b74bedcbbbaca38ff6d7491d76f2b06b3592611af620f8426e82dddb04a5ced"
            ],
            "version": "==1.15.0"
        },
        "soupsieve": {
            "hashes": [
                "sha256:1634eea42ab371d3d346309b93df7870a88610f0725d47528be902a0d95ecc55",
                "sha256:a59dc181727e95d25f781f0eb4fd1825ff45590ec8ff49eadfd7f1a537cc0232"
            ],
            "version": "==2.0.1"
        },
        "sqlparse": {
            "hashes": [
                "sha256:40afe6b8d4b1117e7dff5504d7a8ce07d9a1b15aeeade8a2d10f130a834f8177",
                "sha256:7c3dca29c022744e95b547e867cee89f4fce4373f3549ccd8797d8eb52cdb873"
            ],
            "version": "==0.3.0"
        },
        "tablib": {
            "hashes": [
                "sha256:0f88a9cebdaa1a2cc29ae57387082ee81015d1149ecd34e48a8c8d3b4dd21670",
                "sha256:5f33c079b07eb10cf9c4b4696add2ecf32c89db7729240546ecdcd5c92f67e13"
            ],
            "version": "==0.13.0"
        },
        "tldextract": {
            "hashes": [
                "sha256:2c1c5d9d454f79734b4f3da0d603856dd9f820753410a3e9abf0a0c9fde33e97",
                "sha256:b72bef6013de67c7fa181250bc2c2e089a994d259c09ca95a9771f2f97e29ed1"
            ],
            "version": "==2.2.1"
        },
        "tweepy": {
            "hashes": [
                "sha256:de56db37181e6ba2a375a7a81845ee6b2aee0e39a7bc8fb96a60c0370062f0a2",
                "sha256:fe85a79f58a01dd335968523b91c5fce760e7fe78bf25a6e71c72204fe499d0b"
            ],
            "version": "==3.7.0"
        },
        "twilio": {
            "hashes": [
                "sha256:ca7245109795fc19d6998e09bc32d8e2326be398b96a542b77d1edebf8ae9589",
                "sha256:e5798a07274f25d0cc4d058b2580948649abc3c59ebc94abd2371766d2bf2e15"
            ],
            "version": "==6.26.1"
        },
        "update-checker": {
            "hashes": [
                "sha256:1ff5dc7aab340b4f7710bd6c69d08ff5a5351617cd4ba0eb8886ddb285e2104f",
                "sha256:2def8db7f63bd45c7d19df5df570f3f3dfeb1a1f050869d7036529295db10e62"
            ],
            "version": "==0.17"
        },
        "urllib3": {
            "hashes": [
                "sha256:2393a695cd12afedd0dcb26fe5d50d0cf248e5a66f75dbd89a3d4eb333a61af4",
                "sha256:a637e5fae88995b256e3409dc4d52c2e2e0ba32c42a6365fee8bbd2238de3cfb"
            ],
            "version": "==1.24.3"
        },
        "vine": {
            "hashes": [
                "sha256:133ee6d7a9016f177ddeaf191c1f58421a1dcc6ee9a42c58b34bed40e1d2cd87",
                "sha256:ea4947cc56d1fd6f2095c8d543ee25dad966f78692528e68b4fada11ba3f98af"
            ],
            "version": "==1.3.0"
        },
        "websocket-client": {
            "hashes": [
                "sha256:0fc45c961324d79c781bab301359d5a1b00b13ad1b10415a4780229ef71a5549",
                "sha256:d735b91d6d1692a6a181f2a8c9e0238e5f6373356f561bb9dc4c7af36f452010"
            ],
            "version": "==0.57.0"
        },
        "werkzeug": {
            "hashes": [
                "sha256:2de2a5db0baeae7b2d2664949077c2ac63fbd16d98da0ff71837f7d1dea3fd43",
                "sha256:6c80b1e5ad3665290ea39320b91e1be1e0d5f60652b964a3070216de83d2e47c"
            ],
            "version": "==1.0.1"
        },
        "whitenoise": {
            "hashes": [
                "sha256:118ab3e5f815d380171b100b05b76de2a07612f422368a201a9ffdeefb2251c1",
                "sha256:42133ddd5229eeb6a0c9899496bdbe56c292394bf8666da77deeb27454c0456a"
            ],
            "version": "==4.1.2"
        },
        "xlrd": {
            "hashes": [
                "sha256:546eb36cee8db40c3eaa46c351e67ffee6eeb5fa2650b71bc4c758a29a1b29b2",
                "sha256:e551fb498759fa3a5384a94ccd4c3c02eb7c00ea424426e212ac0c57be9dfbde"
            ],
            "version": "==1.2.0"
        },
        "xlwt": {
            "hashes": [
                "sha256:a082260524678ba48a297d922cc385f58278b8aa68741596a87de01a9c628b2e",
                "sha256:c59912717a9b28f1a3c2a98fd60741014b06b043936dcecbc113eaaada156c88"
            ],
            "version": "==1.3.0"
        },
        "zipp": {
            "hashes": [
                "sha256:aa36550ff0c0b7ef7fa639055d797116ee891440eac1a56f378e2d3179e0320b",
                "sha256:c599e4d75c98f6798c509911d08a22e6c021d074469042177c8c86fb92eefd96"
            ],
            "version": "==3.1.0"
        }
    },
    "develop": {}
}
